{
  "name": "vesta",
  "version": "0.16.0",
  "lockfileVersion": 3,
  "requires": true,
  "packages": {
    "": {
      "name": "vesta",
      "version": "0.16.0",
      "dependencies": {
        "urd": "github:fchurca/urd#semver:^0"
      },
      "devDependencies": {
        "@types/node": "^24",
        "typescript": "^6"
      }
    },
    "node_modules/@types/node": {
      "version": "24.13.2",
      "dev": true,
      "license": "MIT",
      "dependencies": {
        "undici-types": "~7.18.0"
      }
    },
    "node_modules/typescript": {
      "version": "6.0.3",
      "dev": true,
      "license": "Apache-2.0",
      "bin": {
        "tsc": "bin/tsc",
        "tsserver": "bin/tsserver"
      },
      "engines": {
        "node": ">=14.17"
      }
    },
    "node_modules/undici-types": {
      "version": "7.18.2",
      "dev": true,
      "license": "MIT"
    },
    "node_modules/urd": {
      "version": "0.5.0",
      "resolved": "git+ssh://git@github.com/fchurca/urd.git#6c8ca8abaf6682d40f1ffe2a123c16d6aef5be7f"
    }
  }
}
